
Microsoft Visual Studio Solution File, Format Version 12.00
# Visual Studio Version 16
VisualStudioVersion = 16.0.31729.503
MinimumVisualStudioVersion = 10.0.40219.1
Project("{FAE04EC0-301F-11D3-BF4B-00C04F79EFBC}") = "AutomatedTests", "AutomatedTests\AutomatedTests.csproj", "{E93521B0-DDD2-4681-87BA-98BF6C5ADA94}"
EndProject
Global
	GlobalSection(SolutionConfigurationPlatforms) = preSolution
		Debug|Any CPU = Debug|Any CPU
		Release|Any CPU = Release|Any CPU
	EndGlobalSection
	GlobalSection(ProjectConfigurationPlatforms) = postSolution
		{E93521B0-DDD2-4681-87BA-98BF6C5ADA94}.Debug|Any CPU.ActiveCfg = Debug|Any CPU
		{E93521B0-DDD2-4681-87BA-98BF6C5ADA94}.Debug|Any CPU.Build.0 = Debug|Any CPU
		{E93521B0-DDD2-4681-87BA-98BF6C5ADA94}.Release|Any CPU.ActiveCfg = Release|Any CPU
		{E93521B0-DDD2-4681-87BA-98BF6C5ADA94}.Release|Any CPU.Build.0 = Release|Any CPU
	EndGlobalSection
	GlobalSection(SolutionProperties) = preSolution
		HideSolutionNode = FALSE
	EndGlobalSection
	GlobalSection(ExtensibilityGlobals) = postSolution
		SolutionGuid = {FF1BFCC4-CE9A-4D71-B94F-05FE9AC28ABF}
	EndGlobalSection
EndGlobal
